// !$*UTF8*$!
{
	archiveVersion = 1;
	classes = {
	};
	objectVersion = 56;
	objects = {

/* Begin PBXBuildFile section */
		D19731C22AD3638F00219B06 /* CartApp.swift in Sources */ = {isa = PBXBuildFile; fileRef = D19731C12AD3638F00219B06 /* CartApp.swift */; };
		D19731C42AD3638F00219B06 /* MeetingView.swift in Sources */ = {isa = PBXBuildFile; fileRef = D19731C32AD3638F00219B06 /* MeetingView.swift */; };
		D19731C62AD3639200219B06 /* Assets.xcassets in Resources */ = {isa = PBXBuildFile; fileRef = D19731C52AD3639200219B06 /* Assets.xcassets */; };
		D19731C92AD3639200219B06 /* Preview Assets.xcassets in Resources */ = {isa = PBXBuildFile; fileRef = D19731C82AD3639200219B06 /* Preview Assets.xcassets */; };
		D19731D32AD3639200219B06 /* CartTests.swift in Sources */ = {isa = PBXBuildFile; fileRef = D19731D22AD3639200219B06 /* CartTests.swift */; };
		D19731DD2AD3639200219B06 /* CartUITests.swift in Sources */ = {isa = PBXBuildFile; fileRef = D19731DC2AD3639200219B06 /* CartUITests.swift */; };
		D19731DF2AD3639200219B06 /* CartUITestsLaunchTests.swift in Sources */ = {isa = PBXBuildFile; fileRef = D19731DE2AD3639200219B06 /* CartUITestsLaunchTests.swift */; };
		D19731ED2AD77C2400219B06 /* Theme.swift in Sources */ = {isa = PBXBuildFile; fileRef = D19731EC2AD77C2400219B06 /* Theme.swift */; };
		D19731EF2AD781C700219B06 /* DiscoverRecipe.swift in Sources */ = {isa = PBXBuildFile; fileRef = D19731EE2AD781C700219B06 /* DiscoverRecipe.swift */; };
		D19731F12AD782E400219B06 /* CardView.swift in Sources */ = {isa = PBXBuildFile; fileRef = D19731F02AD782E400219B06 /* CardView.swift */; };
		D19731F32AD7894400219B06 /* TrailingIconLabelStyle.swift in Sources */ = {isa = PBXBuildFile; fileRef = D19731F22AD7894400219B06 /* TrailingIconLabelStyle.swift */; };
		D19731F52AD7973700219B06 /* DiscoverView.swift in Sources */ = {isa = PBXBuildFile; fileRef = D19731F42AD7973700219B06 /* DiscoverView.swift */; };
/* End PBXBuildFile section */

/* Begin PBXContainerItemProxy section */
		D19731CF2AD3639200219B06 /* PBXContainerItemProxy */ = {
			isa = PBXContainerItemProxy;
			containerPortal = D19731B62AD3638F00219B06 /* Project object */;
			proxyType = 1;
			remoteGlobalIDString = D19731BD2AD3638F00219B06;
			remoteInfo = Cart;
		};
		D19731D92AD3639200219B06 /* PBXContainerItemProxy */ = {
			isa = PBXContainerItemProxy;
			containerPortal = D19731B62AD3638F00219B06 /* Project object */;
			proxyType = 1;
			remoteGlobalIDString = D19731BD2AD3638F00219B06;
			remoteInfo = Cart;
		};
/* End PBXContainerItemProxy section */

/* Begin PBXFileReference section */
		D19731BE2AD3638F00219B06 /* Cart.app */ = {isa = PBXFileReference; explicitFileType = wrapper.application; includeInIndex = 0; path = Cart.app; sourceTree = BUILT_PRODUCTS_DIR; };
		D19731C12AD3638F00219B06 /* CartApp.swift */ = {isa = PBXFileReference; lastKnownFileType = sourcecode.swift; path = CartApp.swift; sourceTree = "<group>"; };
		D19731C32AD3638F00219B06 /* MeetingView.swift */ = {isa = PBXFileReference; lastKnownFileType = sourcecode.swift; path = MeetingView.swift; sourceTree = "<group>"; };
		D19731C52AD3639200219B06 /* Assets.xcassets */ = {isa = PBXFileReference; lastKnownFileType = folder.assetcatalog; path = Assets.xcassets; sourceTree = "<group>"; };
		D19731C82AD3639200219B06 /* Preview Assets.xcassets */ = {isa = PBXFileReference; lastKnownFileType = folder.assetcatalog; path = "Preview Assets.xcassets"; sourceTree = "<group>"; };
		D19731CE2AD3639200219B06 /* CartTests.xctest */ = {isa = PBXFileReference; explicitFileType = wrapper.cfbundle; includeInIndex = 0; path = CartTests.xctest; sourceTree = BUILT_PRODUCTS_DIR; };
		D19731D22AD3639200219B06 /* CartTests.swift */ = {isa = PBXFileReference; lastKnownFileType = sourcecode.swift; path = CartTests.swift; sourceTree = "<group>"; };
		D19731D82AD3639200219B06 /* CartUITests.xctest */ = {isa = PBXFileReference; explicitFileType = wrapper.cfbundle; includeInIndex = 0; path = CartUITests.xctest; sourceTree = BUILT_PRODUCTS_DIR; };
		D19731DC2AD3639200219B06 /* CartUITests.swift */ = {isa = PBXFileReference; lastKnownFileType = sourcecode.swift; path = CartUITests.swift; sourceTree = "<group>"; };
		D19731DE2AD3639200219B06 /* CartUITestsLaunchTests.swift */ = {isa = PBXFileReference; lastKnownFileType = sourcecode.swift; path = CartUITestsLaunchTests.swift; sourceTree = "<group>"; };
		D19731EC2AD77C2400219B06 /* Theme.swift */ = {isa = PBXFileReference; lastKnownFileType = sourcecode.swift; path = Theme.swift; sourceTree = "<group>"; };
		D19731EE2AD781C700219B06 /* DiscoverRecipe.swift */ = {isa = PBXFileReference; lastKnownFileType = sourcecode.swift; path = DiscoverRecipe.swift; sourceTree = "<group>"; };
		D19731F02AD782E400219B06 /* CardView.swift */ = {isa = PBXFileReference; lastKnownFileType = sourcecode.swift; path = CardView.swift; sourceTree = "<group>"; };
		D19731F22AD7894400219B06 /* TrailingIconLabelStyle.swift */ = {isa = PBXFileReference; lastKnownFileType = sourcecode.swift; path = TrailingIconLabelStyle.swift; sourceTree = "<group>"; };
		D19731F42AD7973700219B06 /* DiscoverView.swift */ = {isa = PBXFileReference; lastKnownFileType = sourcecode.swift; path = DiscoverView.swift; sourceTree = "<group>"; };
/* End PBXFileReference section */

/* Begin PBXFrameworksBuildPhase section */
		D19731BB2AD3638F00219B06 /* Frameworks */ = {
			isa = PBXFrameworksBuildPhase;
			buildActionMask = 2147483647;
			files = (
			);
			runOnlyForDeploymentPostprocessing = 0;
		};
		D19731CB2AD3639200219B06 /* Frameworks */ = {
			isa = PBXFrameworksBuildPhase;
			buildActionMask = 2147483647;
			files = (
			);
			runOnlyForDeploymentPostprocessing = 0;
		};
		D19731D52AD3639200219B06 /* Frameworks */ = {
			isa = PBXFrameworksBuildPhase;
			buildActionMask = 2147483647;
			files = (
			);
			runOnlyForDeploymentPostprocessing = 0;
		};
/* End PBXFrameworksBuildPhase section */

/* Begin PBXGroup section */
		D19731B52AD3638F00219B06 = {
			isa = PBXGroup;
			children = (
				D19731C02AD3638F00219B06 /* Cart */,
				D19731D12AD3639200219B06 /* CartTests */,
				D19731DB2AD3639200219B06 /* CartUITests */,
				D19731BF2AD3638F00219B06 /* Products */,
			);
			sourceTree = "<group>";
		};
		D19731BF2AD3638F00219B06 /* Products */ = {
			isa = PBXGroup;
			children = (
				D19731BE2AD3638F00219B06 /* Cart.app */,
				D19731CE2AD3639200219B06 /* CartTests.xctest */,
				D19731D82AD3639200219B06 /* CartUITests.xctest */,
			);
			name = Products;
			sourceTree = "<group>";
		};
		D19731C02AD3638F00219B06 /* Cart */ = {
			isa = PBXGroup;
			children = (
				D19731EB2AD77BEE00219B06 /* Models */,
				D19731C12AD3638F00219B06 /* CartApp.swift */,
				D19731F02AD782E400219B06 /* CardView.swift */,
				D19731C32AD3638F00219B06 /* MeetingView.swift */,
				D19731C52AD3639200219B06 /* Assets.xcassets */,
				D19731C72AD3639200219B06 /* Preview Content */,
				D19731F22AD7894400219B06 /* TrailingIconLabelStyle.swift */,
				D19731F42AD7973700219B06 /* DiscoverView.swift */,
			);
			path = Cart;
			sourceTree = "<group>";
		};
		D19731C72AD3639200219B06 /* Preview Content */ = {
			isa = PBXGroup;
			children = (
				D19731C82AD3639200219B06 /* Preview Assets.xcassets */,
			);
			path = "Preview Content";
			sourceTree = "<group>";
		};
		D19731D12AD3639200219B06 /* CartTests */ = {
			isa = PBXGroup;
			children = (
				D19731D22AD3639200219B06 /* CartTests.swift */,
			);
			path = CartTests;
			sourceTree = "<group>";
		};
		D19731DB2AD3639200219B06 /* CartUITests */ = {
			isa = PBXGroup;
			children = (
				D19731DC2AD3639200219B06 /* CartUITests.swift */,
				D19731DE2AD3639200219B06 /* CartUITestsLaunchTests.swift */,
			);
			path = CartUITests;
			sourceTree = "<group>";
		};
		D19731EB2AD77BEE00219B06 /* Models */ = {
			isa = PBXGroup;
			children = (
				D19731EC2AD77C2400219B06 /* Theme.swift */,
				D19731EE2AD781C700219B06 /* DiscoverRecipe.swift */,
			);
			path = Models;
			sourceTree = "<group>";
		};
/* End PBXGroup section */

/* Begin PBXNativeTarget section */
		D19731BD2AD3638F00219B06 /* Cart */ = {
			isa = PBXNativeTarget;
			buildConfigurationList = D19731E22AD3639200219B06 /* Build configuration list for PBXNativeTarget "Cart" */;
			buildPhases = (
				D19731BA2AD3638F00219B06 /* Sources */,
				D19731BB2AD3638F00219B06 /* Frameworks */,
				D19731BC2AD3638F00219B06 /* Resources */,
			);
			buildRules = (
			);
			dependencies = (
			);
			name = Cart;
			productName = Cart;
			productReference = D19731BE2AD3638F00219B06 /* Cart.app */;
			productType = "com.apple.product-type.application";
		};
		D19731CD2AD3639200219B06 /* CartTests */ = {
			isa = PBXNativeTarget;
			buildConfigurationList = D19731E52AD3639200219B06 /* Build configuration list for PBXNativeTarget "CartTests" */;
			buildPhases = (
				D19731CA2AD3639200219B06 /* Sources */,
				D19731CB2AD3639200219B06 /* Frameworks */,
				D19731CC2AD3639200219B06 /* Resources */,
			);
			buildRules = (
			);
			dependencies = (
				D19731D02AD3639200219B06 /* PBXTargetDependency */,
			);
			name = CartTests;
			productName = CartTests;
			productReference = D19731CE2AD3639200219B06 /* CartTests.xctest */;
			productType = "com.apple.product-type.bundle.unit-test";
		};
		D19731D72AD3639200219B06 /* CartUITests */ = {
			isa = PBXNativeTarget;
			buildConfigurationList = D19731E82AD3639200219B06 /* Build configuration list for PBXNativeTarget "CartUITests" */;
			buildPhases = (
				D19731D42AD3639200219B06 /* Sources */,
				D19731D52AD3639200219B06 /* Frameworks */,
				D19731D62AD3639200219B06 /* Resources */,
			);
			buildRules = (
			);
			dependencies = (
				D19731DA2AD3639200219B06 /* PBXTargetDependency */,
			);
			name = CartUITests;
			productName = CartUITests;
			productReference = D19731D82AD3639200219B06 /* CartUITests.xctest */;
			productType = "com.apple.product-type.bundle.ui-testing";
		};
/* End PBXNativeTarget section */

/* Begin PBXProject section */
		D19731B62AD3638F00219B06 /* Project object */ = {
			isa = PBXProject;
			attributes = {
				BuildIndependentTargetsInParallel = 1;
				LastSwiftUpdateCheck = 1430;
				LastUpgradeCheck = 1430;
				TargetAttributes = {
					D19731BD2AD3638F00219B06 = {
						CreatedOnToolsVersion = 14.3.1;
					};
					D19731CD2AD3639200219B06 = {
						CreatedOnToolsVersion = 14.3.1;
						TestTargetID = D19731BD2AD3638F00219B06;
					};
					D19731D72AD3639200219B06 = {
						CreatedOnToolsVersion = 14.3.1;
						TestTargetID = D19731BD2AD3638F00219B06;
					};
				};
			};
			buildConfigurationList = D19731B92AD3638F00219B06 /* Build configuration list for PBXProject "Cart" */;
			compatibilityVersion = "Xcode 14.0";
			developmentRegion = en;
			hasScannedForEncodings = 0;
			knownRegions = (
				en,
				Base,
			);
			mainGroup = D19731B52AD3638F00219B06;
			productRefGroup = D19731BF2AD3638F00219B06 /* Products */;
			projectDirPath = "";
			projectRoot = "";
			targets = (
				D19731BD2AD3638F00219B06 /* Cart */,
				D19731CD2AD3639200219B06 /* CartTests */,
				D19731D72AD3639200219B06 /* CartUITests */,
			);
		};
/* End PBXProject section */

/* Begin PBXResourcesBuildPhase section */
		D19731BC2AD3638F00219B06 /* Resources */ = {
			isa = PBXResourcesBuildPhase;
			buildActionMask = 2147483647;
			files = (
				D19731C92AD3639200219B06 /* Preview Assets.xcassets in Resources */,
				D19731C62AD3639200219B06 /* Assets.xcassets in Resources */,
			);
			runOnlyForDeploymentPostprocessing = 0;
		};
		D19731CC2AD3639200219B06 /* Resources */ = {
			isa = PBXResourcesBuildPhase;
			buildActionMask = 2147483647;
			files = (
			);
			runOnlyForDeploymentPostprocessing = 0;
		};
		D19731D62AD3639200219B06 /* Resources */ = {
			isa = PBXResourcesBuildPhase;
			buildActionMask = 2147483647;
			files = (
			);
			runOnlyForDeploymentPostprocessing = 0;
		};
/* End PBXResourcesBuildPhase section */

/* Begin PBXSourcesBuildPhase section */
		D19731BA2AD3638F00219B06 /* Sources */ = {
			isa = PBXSourcesBuildPhase;
			buildActionMask = 2147483647;
			files = (
				D19731EF2AD781C700219B06 /* DiscoverRecipe.swift in Sources */,
				D19731ED2AD77C2400219B06 /* Theme.swift in Sources */,
				D19731C42AD3638F00219B06 /* MeetingView.swift in Sources */,
				D19731C22AD3638F00219B06 /* CartApp.swift in Sources */,
				D19731F52AD7973700219B06 /* DiscoverView.swift in Sources */,
				D19731F32AD7894400219B06 /* TrailingIconLabelStyle.swift in Sources */,
				D19731F12AD782E400219B06 /* CardView.swift in Sources */,
			);
			runOnlyForDeploymentPostprocessing = 0;
		};
		D19731CA2AD3639200219B06 /* Sources */ = {
			isa = PBXSourcesBuildPhase;
			buildActionMask = 2147483647;
			files = (
				D19731D32AD3639200219B06 /* CartTests.swift in Sources */,
			);
			runOnlyForDeploymentPostprocessing = 0;
		};
		D19731D42AD3639200219B06 /* Sources */ = {
			isa = PBXSourcesBuildPhase;
			buildActionMask = 2147483647;
			files = (
				D19731DF2AD3639200219B06 /* CartUITestsLaunchTests.swift in Sources */,
				D19731DD2AD3639200219B06 /* CartUITests.swift in Sources */,
			);
			runOnlyForDeploymentPostprocessing = 0;
		};
/* End PBXSourcesBuildPhase section */

/* Begin PBXTargetDependency section */
		D19731D02AD3639200219B06 /* PBXTargetDependency */ = {
			isa = PBXTargetDependency;
			target = D19731BD2AD3638F00219B06 /* Cart */;
			targetProxy = D19731CF2AD3639200219B06 /* PBXContainerItemProxy */;
		};
		D19731DA2AD3639200219B06 /* PBXTargetDependency */ = {
			isa = PBXTargetDependency;
			target = D19731BD2AD3638F00219B06 /* Cart */;
			targetProxy = D19731D92AD3639200219B06 /* PBXContainerItemProxy */;
		};
/* End PBXTargetDependency section */

/* Begin XCBuildConfiguration section */
		D19731E02AD3639200219B06 /* Debug */ = {
			isa = XCBuildConfiguration;
			buildSettings = {
				ALWAYS_SEARCH_USER_PATHS = NO;
				CLANG_ANALYZER_NONNULL = YES;
				CLANG_ANALYZER_NUMBER_OBJECT_CONVERSION = YES_AGGRESSIVE;
				CLANG_CXX_LANGUAGE_STANDARD = "gnu++20";
				CLANG_ENABLE_MODULES = YES;
				CLANG_ENABLE_OBJC_ARC = YES;
				CLANG_ENABLE_OBJC_WEAK = YES;
				CLANG_WARN_BLOCK_CAPTURE_AUTORELEASING = YES;
				CLANG_WARN_BOOL_CONVERSION = YES;
				CLANG_WARN_COMMA = YES;
				CLANG_WARN_CONSTANT_CONVERSION = YES;
				CLANG_WARN_DEPRECATED_OBJC_IMPLEMENTATIONS = YES;
				CLANG_WARN_DIRECT_OBJC_ISA_USAGE = YES_ERROR;
				CLANG_WARN_DOCUMENTATION_COMMENTS = YES;
				CLANG_WARN_EMPTY_BODY = YES;
				CLANG_WARN_ENUM_CONVERSION = YES;
				CLANG_WARN_INFINITE_RECURSION = YES;
				CLANG_WARN_INT_CONVERSION = YES;
				CLANG_WARN_NON_LITERAL_NULL_CONVERSION = YES;
				CLANG_WARN_OBJC_IMPLICIT_RETAIN_SELF = YES;
				CLANG_WARN_OBJC_LITERAL_CONVERSION = YES;
				CLANG_WARN_OBJC_ROOT_CLASS = YES_ERROR;
				CLANG_WARN_QUOTED_INCLUDE_IN_FRAMEWORK_HEADER = YES;
				CLANG_WARN_RANGE_LOOP_ANALYSIS = YES;
				CLANG_WARN_STRICT_PROTOTYPES = YES;
				CLANG_WARN_SUSPICIOUS_MOVE = YES;
				CLANG_WARN_UNGUARDED_AVAILABILITY = YES_AGGRESSIVE;
				CLANG_WARN_UNREACHABLE_CODE = YES;
				CLANG_WARN__DUPLICATE_METHOD_MATCH = YES;
				COPY_PHASE_STRIP = NO;
				DEBUG_INFORMATION_FORMAT = dwarf;
				ENABLE_STRICT_OBJC_MSGSEND = YES;
				ENABLE_TESTABILITY = YES;
				GCC_C_LANGUAGE_STANDARD = gnu11;
				GCC_DYNAMIC_NO_PIC = NO;
				GCC_NO_COMMON_BLOCKS = YES;
				GCC_OPTIMIZATION_LEVEL = 0;
				GCC_PREPROCESSOR_DEFINITIONS = (
					"DEBUG=1",
					"$(inherited)",
				);
				GCC_WARN_64_TO_32_BIT_CONVERSION = YES;
				GCC_WARN_ABOUT_RETURN_TYPE = YES_ERROR;
				GCC_WARN_UNDECLARED_SELECTOR = YES;
				GCC_WARN_UNINITIALIZED_AUTOS = YES_AGGRESSIVE;
				GCC_WARN_UNUSED_FUNCTION = YES;
				GCC_WARN_UNUSED_VARIABLE = YES;
				IPHONEOS_DEPLOYMENT_TARGET = 16.4;
				MTL_ENABLE_DEBUG_INFO = INCLUDE_SOURCE;
				MTL_FAST_MATH = YES;
				ONLY_ACTIVE_ARCH = YES;
				SDKROOT = iphoneos;
				SWIFT_ACTIVE_COMPILATION_CONDITIONS = DEBUG;
				SWIFT_OPTIMIZATION_LEVEL = "-Onone";
			};
			name = Debug;
		};
		D19731E12AD3639200219B06 /* Release */ = {
			isa = XCBuildConfiguration;
			buildSettings = {
				ALWAYS_SEARCH_USER_PATHS = NO;
				CLANG_ANALYZER_NONNULL = YES;
				CLANG_ANALYZER_NUMBER_OBJECT_CONVERSION = YES_AGGRESSIVE;
				CLANG_CXX_LANGUAGE_STANDARD = "gnu++20";
				CLANG_ENABLE_MODULES = YES;
				CLANG_ENABLE_OBJC_ARC = YES;
				CLANG_ENABLE_OBJC_WEAK = YES;
				CLANG_WARN_BLOCK_CAPTURE_AUTORELEASING = YES;
				CLANG_WARN_BOOL_CONVERSION = YES;
				CLANG_WARN_COMMA = YES;
				CLANG_WARN_CONSTANT_CONVERSION = YES;
				CLANG_WARN_DEPRECATED_OBJC_IMPLEMENTATIONS = YES;
				CLANG_WARN_DIRECT_OBJC_ISA_USAGE = YES_ERROR;
				CLANG_WARN_DOCUMENTATION_COMMENTS = YES;
				CLANG_WARN_EMPTY_BODY = YES;
				CLANG_WARN_ENUM_CONVERSION = YES;
				CLANG_WARN_INFINITE_RECURSION = YES;
				CLANG_WARN_INT_CONVERSION = YES;
				CLANG_WARN_NON_LITERAL_NULL_CONVERSION = YES;
				CLANG_WARN_OBJC_IMPLICIT_RETAIN_SELF = YES;
				CLANG_WARN_OBJC_LITERAL_CONVERSION = YES;
				CLANG_WARN_OBJC_ROOT_CLASS = YES_ERROR;
				CLANG_WARN_QUOTED_INCLUDE_IN_FRAMEWORK_HEADER = YES;
				CLANG_WARN_RANGE_LOOP_ANALYSIS = YES;
				CLANG_WARN_STRICT_PROTOTYPES = YES;
				CLANG_WARN_SUSPICIOUS_MOVE = YES;
				CLANG_WARN_UNGUARDED_AVAILABILITY = YES_AGGRESSIVE;
				CLANG_WARN_UNREACHABLE_CODE = YES;
				CLANG_WARN__DUPLICATE_METHOD_MATCH = YES;
				COPY_PHASE_STRIP = NO;
				DEBUG_INFORMATION_FORMAT = "dwarf-with-dsym";
				ENABLE_NS_ASSERTIONS = NO;
				ENABLE_STRICT_OBJC_MSGSEND = YES;
				GCC_C_LANGUAGE_STANDARD = gnu11;
				GCC_NO_COMMON_BLOCKS = YES;
				GCC_WARN_64_TO_32_BIT_CONVERSION = YES;
				GCC_WARN_ABOUT_RETURN_TYPE = YES_ERROR;
				GCC_WARN_UNDECLARED_SELECTOR = YES;
				GCC_WARN_UNINITIALIZED_AUTOS = YES_AGGRESSIVE;
				GCC_WARN_UNUSED_FUNCTION = YES;
				GCC_WARN_UNUSED_VARIABLE = YES;
				IPHONEOS_DEPLOYMENT_TARGET = 16.4;
				MTL_ENABLE_DEBUG_INFO = NO;
				MTL_FAST_MATH = YES;
				SDKROOT = iphoneos;
				SWIFT_COMPILATION_MODE = wholemodule;
				SWIFT_OPTIMIZATION_LEVEL = "-O";
				VALIDATE_PRODUCT = YES;
			};
			name = Release;
		};
		D19731E32AD3639200219B06 /* Debug */ = {
			isa = XCBuildConfiguration;
			buildSettings = {
				ASSETCATALOG_COMPILER_APPICON_NAME = AppIcon;
				ASSETCATALOG_COMPILER_GLOBAL_ACCENT_COLOR_NAME = AccentColor;
				CODE_SIGN_STYLE = Automatic;
				CURRENT_PROJECT_VERSION = 1;
				DEVELOPMENT_ASSET_PATHS = "\"Cart/Preview Content\"";
				ENABLE_PREVIEWS = YES;
				GENERATE_INFOPLIST_FILE = YES;
				INFOPLIST_KEY_UIApplicationSceneManifest_Generation = YES;
				INFOPLIST_KEY_UIApplicationSupportsIndirectInputEvents = YES;
				INFOPLIST_KEY_UILaunchScreen_Generation = YES;
				INFOPLIST_KEY_UISupportedInterfaceOrientations_iPad = "UIInterfaceOrientationPortrait UIInterfaceOrientationPortraitUpsideDown UIInterfaceOrientationLandscapeLeft UIInterfaceOrientationLandscapeRight";
				INFOPLIST_KEY_UISupportedInterfaceOrientations_iPhone = "UIInterfaceOrientationPortrait UIInterfaceOrientationLandscapeLeft UIInterfaceOrientationLandscapeRight";
				LD_RUNPATH_SEARCH_PATHS = (
					"$(inherited)",
					"@executable_path/Frameworks",
				);
				MARKETING_VERSION = 1.0;
				PRODUCT_BUNDLE_IDENTIFIER = zachdtaylor.Cart;
				PRODUCT_NAME = "$(TARGET_NAME)";
				SWIFT_EMIT_LOC_STRINGS = YES;
				SWIFT_VERSION = 5.0;
				TARGETED_DEVICE_FAMILY = "1,2";
			};
			name = Debug;
		};
		D19731E42AD3639200219B06 /* Release */ = {
			isa = XCBuildConfiguration;
			buildSettings = {
				ASSETCATALOG_COMPILER_APPICON_NAME = AppIcon;
				ASSETCATALOG_COMPILER_GLOBAL_ACCENT_COLOR_NAME = AccentColor;
				CODE_SIGN_STYLE = Automatic;
				CURRENT_PROJECT_VERSION = 1;
				DEVELOPMENT_ASSET_PATHS = "\"Cart/Preview Content\"";
				ENABLE_PREVIEWS = YES;
				GENERATE_INFOPLIST_FILE = YES;
				INFOPLIST_KEY_UIApplicationSceneManifest_Generation = YES;
				INFOPLIST_KEY_UIApplicationSupportsIndirectInputEvents = YES;
				INFOPLIST_KEY_UILaunchScreen_Generation = YES;
				INFOPLIST_KEY_UISupportedInterfaceOrientations_iPad = "UIInterfaceOrientationPortrait UIInterfaceOrientationPortraitUpsideDown UIInterfaceOrientationLandscapeLeft UIInterfaceOrientationLandscapeRight";
				INFOPLIST_KEY_UISupportedInterfaceOrientations_iPhone = "UIInterfaceOrientationPortrait UIInterfaceOrientationLandscapeLeft UIInterfaceOrientationLandscapeRight";
				LD_RUNPATH_SEARCH_PATHS = (
					"$(inherited)",
					"@executable_path/Frameworks",
				);
				MARKETING_VERSION = 1.0;
				PRODUCT_BUNDLE_IDENTIFIER = zachdtaylor.Cart;
				PRODUCT_NAME = "$(TARGET_NAME)";
				SWIFT_EMIT_LOC_STRINGS = YES;
				SWIFT_VERSION = 5.0;
				TARGETED_DEVICE_FAMILY = "1,2";
			};
			name = Release;
		};
		D19731E62AD3639200219B06 /* Debug */ = {
			isa = XCBuildConfiguration;
			buildSettings = {
				ALWAYS_EMBED_SWIFT_STANDARD_LIBRARIES = YES;
				BUNDLE_LOADER = "$(TEST_HOST)";
				CODE_SIGN_STYLE = Automatic;
				CURRENT_PROJECT_VERSION = 1;
				GENERATE_INFOPLIST_FILE = YES;
				IPHONEOS_DEPLOYMENT_TARGET = 16.4;
				MARKETING_VERSION = 1.0;
				PRODUCT_BUNDLE_IDENTIFIER = zachdtaylor.CartTests;
				PRODUCT_NAME = "$(TARGET_NAME)";
				SWIFT_EMIT_LOC_STRINGS = NO;
				SWIFT_VERSION = 5.0;
				TARGETED_DEVICE_FAMILY = "1,2";
				TEST_HOST = "$(BUILT_PRODUCTS_DIR)/Cart.app/$(BUNDLE_EXECUTABLE_FOLDER_PATH)/Cart";
			};
			name = Debug;
		};
		D19731E72AD3639200219B06 /* Release */ = {
			isa = XCBuildConfiguration;
			buildSettings = {
				ALWAYS_EMBED_SWIFT_STANDARD_LIBRARIES = YES;
				BUNDLE_LOADER = "$(TEST_HOST)";
				CODE_SIGN_STYLE = Automatic;
				CURRENT_PROJECT_VERSION = 1;
				GENERATE_INFOPLIST_FILE = YES;
				IPHONEOS_DEPLOYMENT_TARGET = 16.4;
				MARKETING_VERSION = 1.0;
				PRODUCT_BUNDLE_IDENTIFIER = zachdtaylor.CartTests;
				PRODUCT_NAME = "$(TARGET_NAME)";
				SWIFT_EMIT_LOC_STRINGS = NO;
				SWIFT_VERSION = 5.0;
				TARGETED_DEVICE_FAMILY = "1,2";
				TEST_HOST = "$(BUILT_PRODUCTS_DIR)/Cart.app/$(BUNDLE_EXECUTABLE_FOLDER_PATH)/Cart";
			};
			name = Release;
		};
		D19731E92AD3639200219B06 /* Debug */ = {
			isa = XCBuildConfiguration;
			buildSettings = {
				ALWAYS_EMBED_SWIFT_STANDARD_LIBRARIES = YES;
				CODE_SIGN_STYLE = Automatic;
				CURRENT_PROJECT_VERSION = 1;
				GENERATE_INFOPLIST_FILE = YES;
				MARKETING_VERSION = 1.0;
				PRODUCT_BUNDLE_IDENTIFIER = zachdtaylor.CartUITests;
				PRODUCT_NAME = "$(TARGET_NAME)";
				SWIFT_EMIT_LOC_STRINGS = NO;
				SWIFT_VERSION = 5.0;
				TARGETED_DEVICE_FAMILY = "1,2";
				TEST_TARGET_NAME = Cart;
			};
			name = Debug;
		};
		D19731EA2AD3639200219B06 /* Release */ = {
			isa = XCBuildConfiguration;
			buildSettings = {
				ALWAYS_EMBED_SWIFT_STANDARD_LIBRARIES = YES;
				CODE_SIGN_STYLE = Automatic;
				CURRENT_PROJECT_VERSION = 1;
				GENERATE_INFOPLIST_FILE = YES;
				MARKETING_VERSION = 1.0;
				PRODUCT_BUNDLE_IDENTIFIER = zachdtaylor.CartUITests;
				PRODUCT_NAME = "$(TARGET_NAME)";
				SWIFT_EMIT_LOC_STRINGS = NO;
				SWIFT_VERSION = 5.0;
				TARGETED_DEVICE_FAMILY = "1,2";
				TEST_TARGET_NAME = Cart;
			};
			name = Release;
		};
/* End XCBuildConfiguration section */

/* Begin XCConfigurationList section */
		D19731B92AD3638F00219B06 /* Build configuration list for PBXProject "Cart" */ = {
			isa = XCConfigurationList;
			buildConfigurations = (
				D19731E02AD3639200219B06 /* Debug */,
				D19731E12AD3639200219B06 /* Release */,
			);
			defaultConfigurationIsVisible = 0;
			defaultConfigurationName = Release;
		};
		D19731E22AD3639200219B06 /* Build configuration list for PBXNativeTarget "Cart" */ = {
			isa = XCConfigurationList;
			buildConfigurations = (
				D19731E32AD3639200219B06 /* Debug */,
				D19731E42AD3639200219B06 /* Release */,
			);
			defaultConfigurationIsVisible = 0;
			defaultConfigurationName = Release;
		};
		D19731E52AD3639200219B06 /* Build configuration list for PBXNativeTarget "CartTests" */ = {
			isa = XCConfigurationList;
			buildConfigurations = (
				D19731E62AD3639200219B06 /* Debug */,
				D19731E72AD3639200219B06 /* Release */,
			);
			defaultConfigurationIsVisible = 0;
			defaultConfigurationName = Release;
		};
		D19731E82AD3639200219B06 /* Build configuration list for PBXNativeTarget "CartUITests" */ = {
			isa = XCConfigurationList;
			buildConfigurations = (
				D19731E92AD3639200219B06 /* Debug */,
				D19731EA2AD3639200219B06 /* Release */,
			);
			defaultConfigurationIsVisible = 0;
			defaultConfigurationName = Release;
		};
/* End XCConfigurationList section */
	};
	rootObject = D19731B62AD3638F00219B06 /* Project object */;
}
